
Microsoft Visual Studio Solution File, Format Version 12.00
# Visual Studio Version 16
VisualStudioVersion = 16.0.28729.10
MinimumVisualStudioVersion = 10.0.40219.1
Project("{FAE04EC0-301F-11D3-BF4B-00C04F79EFBC}") = "project1", "project1\project1.csproj", "{27E7A554-1CB4-418C-AF89-42EFD9C0AD04}"
EndProject
Global
	GlobalSection(SolutionConfigurationPlatforms) = preSolution
		Debug|Any CPU = Debug|Any CPU
		Release|Any CPU = Release|Any CPU
	EndGlobalSection
	GlobalSection(ProjectConfigurationPlatforms) = postSolution
		{27E7A554-1CB4-418C-AF89-42EFD9C0AD04}.Debug|Any CPU.ActiveCfg = Debug|Any CPU
		{27E7A554-1CB4-418C-AF89-42EFD9C0AD04}.Debug|Any CPU.Build.0 = Debug|Any CPU
		{27E7A554-1CB4-418C-AF89-42EFD9C0AD04}.Release|Any CPU.ActiveCfg = Release|Any CPU
		{27E7A554-1CB4-418C-AF89-42EFD9C0AD04}.Release|Any CPU.Build.0 = Release|Any CPU
	EndGlobalSection
	GlobalSection(SolutionProperties) = preSolution
		HideSolutionNode = FALSE
	EndGlobalSection
	GlobalSection(ExtensibilityGlobals) = postSolution
		SolutionGuid = {9F42B6D7-055A-4560-A5FA-55F2319E4697}
	EndGlobalSection
EndGlobal
